name: Refresh tsx lockfile

on:
  push:
    branches:
      - chore/tsx-4.23.8-final

permissions:
  contents: write

jobs:
  refresh-lockfile:
    runs-on: windows-latest
    steps:
      - uses: actions/checkout@v7
        with:
          ref: chore/tsx-4.23.8-final
      - uses: pnpm/action-setup@v6
      - name: Use Node.js 24
        uses: actions/setup-node@v7
        with:
          node-version: 24
          cache: pnpm
      - name: Refresh pnpm lockfile
        run: pnpm install --lockfile-only
      - name: Commit lockfile and remove temporary workflow
        shell: pwsh
        run: |
          git config user.name "marcmy"
          git config user.email "21000174+marcmy@users.noreply.github.com"
          git add pnpm-lock.yaml
          git rm .github/workflows/refresh-tsx-lock.yml
          git commit -m "chore(deps): refresh tsx lockfile"
          git push
