name: Refresh js-yaml lockfile

on:
  push:
    branches:
      - fix/js-yaml-4.3.2

permissions:
  contents: write

jobs:
  refresh:
    if: github.actor != 'github-actions[bot]'
    runs-on: ubuntu-latest
    steps:
      - uses: actions/checkout@v6
        with:
          ref: ${{ github.ref_name }}

      - name: Enable Corepack
        run: corepack enable

      - name: Regenerate lockfile
        run: pnpm install --lockfile-only

      - name: Commit regenerated lockfile
        run: |
          if git diff --quiet -- pnpm-lock.yaml; then
            echo "pnpm-lock.yaml is already current"
            exit 0
          fi
          git config user.name "github-actions[bot]"
          git config user.email "41898282+github-actions[bot]@users.noreply.github.com"
          git add pnpm-lock.yaml
          git commit -m "chore: refresh js-yaml lockfile"
          git push
